
Microsoft Visual Studio Solution File, Format Version 12.00
# Visual Studio Version 17
VisualStudioVersion = 17.8.34330.188
MinimumVisualStudioVersion = 10.0.40219.1
Project("{FAE04EC0-301F-11D3-BF4B-00C04F79EFBC}") = "ConsoleApp1", "ConsoleApp1.csproj", "{0616FF67-8647-465C-8BF4-743C45F84574}"
EndProject
Global
	GlobalSection(SolutionConfigurationPlatforms) = preSolution
		Debug|Any CPU = Debug|Any CPU
		Release|Any CPU = Release|Any CPU
	EndGlobalSection
	GlobalSection(ProjectConfigurationPlatforms) = postSolution
		{0616FF67-8647-465C-8BF4-743C45F84574}.Debug|Any CPU.ActiveCfg = Debug|Any CPU
		{0616FF67-8647-465C-8BF4-743C45F84574}.Debug|Any CPU.Build.0 = Debug|Any CPU
		{0616FF67-8647-465C-8BF4-743C45F84574}.Release|Any CPU.ActiveCfg = Release|Any CPU
		{0616FF67-8647-465C-8BF4-743C45F84574}.Release|Any CPU.Build.0 = Release|Any CPU
	EndGlobalSection
	GlobalSection(SolutionProperties) = preSolution
		HideSolutionNode = FALSE
	EndGlobalSection
	GlobalSection(ExtensibilityGlobals) = postSolution
		SolutionGuid = {0D6B2E4A-DAF5-4EC3-9DBC-0FCF39AC529D}
	EndGlobalSection
EndGlobal
